
Microsoft Visual Studio Solution File, Format Version 12.00
# Visual Studio Version 17
VisualStudioVersion = 17.1.32228.430
MinimumVisualStudioVersion = 10.0.40219.1
Project("{FAE04EC0-301F-11D3-BF4B-00C04F79EFBC}") = "Task 01", "Task 01\Task 01.csproj", "{766C5BC3-FFF8-412B-A868-C550D598CB91}"
EndProject
Project("{FAE04EC0-301F-11D3-BF4B-00C04F79EFBC}") = "Task 02", "Task 02\Task 02.csproj", "{91E964B0-84B6-4FED-B6D0-25C9A38EECB8}"
EndProject
Project("{FAE04EC0-301F-11D3-BF4B-00C04F79EFBC}") = "Task 03", "Task 03\Task 03.csproj", "{B6F0FB44-ABA3-4DB7-A3DB-59AE1309A6CD}"
EndProject
Project("{FAE04EC0-301F-11D3-BF4B-00C04F79EFBC}") = "Task 04", "Task 04\Task 04.csproj", "{D764F005-537E-4EC4-88EA-D6D5C32C7DA6}"
EndProject
Project("{FAE04EC0-301F-11D3-BF4B-00C04F79EFBC}") = "Task 05", "Task 05\Task 05.csproj", "{B7A8E69C-524E-4EDB-914C-F0AA9D155CD4}"
EndProject
Global
	GlobalSection(SolutionConfigurationPlatforms) = preSolution
		Debug|Any CPU = Debug|Any CPU
		Release|Any CPU = Release|Any CPU
	EndGlobalSection
	GlobalSection(ProjectConfigurationPlatforms) = postSolution
		{766C5BC3-FFF8-412B-A868-C550D598CB91}.Debug|Any CPU.ActiveCfg = Debug|Any CPU
		{766C5BC3-FFF8-412B-A868-C550D598CB91}.Debug|Any CPU.Build.0 = Debug|Any CPU
		{766C5BC3-FFF8-412B-A868-C550D598CB91}.Release|Any CPU.ActiveCfg = Release|Any CPU
		{766C5BC3-FFF8-412B-A868-C550D598CB91}.Release|Any CPU.Build.0 = Release|Any CPU
		{91E964B0-84B6-4FED-B6D0-25C9A38EECB8}.Debug|Any CPU.ActiveCfg = Debug|Any CPU
		{91E964B0-84B6-4FED-B6D0-25C9A38EECB8}.Debug|Any CPU.Build.0 = Debug|Any CPU
		{91E964B0-84B6-4FED-B6D0-25C9A38EECB8}.Release|Any CPU.ActiveCfg = Release|Any CPU
		{91E964B0-84B6-4FED-B6D0-25C9A38EECB8}.Release|Any CPU.Build.0 = Release|Any CPU
		{B6F0FB44-ABA3-4DB7-A3DB-59AE1309A6CD}.Debug|Any CPU.ActiveCfg = Debug|Any CPU
		{B6F0FB44-ABA3-4DB7-A3DB-59AE1309A6CD}.Debug|Any CPU.Build.0 = Debug|Any CPU
		{B6F0FB44-ABA3-4DB7-A3DB-59AE1309A6CD}.Release|Any CPU.ActiveCfg = Release|Any CPU
		{B6F0FB44-ABA3-4DB7-A3DB-59AE1309A6CD}.Release|Any CPU.Build.0 = Release|Any CPU
		{D764F005-537E-4EC4-88EA-D6D5C32C7DA6}.Debug|Any CPU.ActiveCfg = Debug|Any CPU
		{D764F005-537E-4EC4-88EA-D6D5C32C7DA6}.Debug|Any CPU.Build.0 = Debug|Any CPU
		{D764F005-537E-4EC4-88EA-D6D5C32C7DA6}.Release|Any CPU.ActiveCfg = Release|Any CPU
		{D764F005-537E-4EC4-88EA-D6D5C32C7DA6}.Release|Any CPU.Build.0 = Release|Any CPU
		{B7A8E69C-524E-4EDB-914C-F0AA9D155CD4}.Debug|Any CPU.ActiveCfg = Debug|Any CPU
		{B7A8E69C-524E-4EDB-914C-F0AA9D155CD4}.Debug|Any CPU.Build.0 = Debug|Any CPU
		{B7A8E69C-524E-4EDB-914C-F0AA9D155CD4}.Release|Any CPU.ActiveCfg = Release|Any CPU
		{B7A8E69C-524E-4EDB-914C-F0AA9D155CD4}.Release|Any CPU.Build.0 = Release|Any CPU
	EndGlobalSection
	GlobalSection(SolutionProperties) = preSolution
		HideSolutionNode = FALSE
	EndGlobalSection
	GlobalSection(ExtensibilityGlobals) = postSolution
		SolutionGuid = {589E7F56-3596-419C-85F9-B3200787D4F4}
	EndGlobalSection
EndGlobal
